
Microsoft Visual Studio Solution File, Format Version 12.00
# Visual Studio 15
VisualStudioVersion = 15.0.28307.421
MinimumVisualStudioVersion = 10.0.40219.1
Project("{FAE04EC0-301F-11D3-BF4B-00C04F79EFBC}") = "VdrioEForms.Android", "VdrioEForms\VdrioEForms.Android\VdrioEForms.Android.csproj", "{2687ADF7-2059-4868-829D-185AE76BDDFD}"
EndProject
Project("{FAE04EC0-301F-11D3-BF4B-00C04F79EFBC}") = "VdrioEForms.iOS", "VdrioEForms\VdrioEForms.iOS\VdrioEForms.iOS.csproj", "{34FA6FA6-EDF8-4513-8B60-9278C24EF0A0}"
EndProject
Project("{FAE04EC0-301F-11D3-BF4B-00C04F79EFBC}") = "VdrioEForms.UWP", "VdrioEForms\VdrioEForms.UWP\VdrioEForms.UWP.csproj", "{90B37E5D-77A7-4FE9-B3C8-9488DAD2458F}"
EndProject
Project("{FAE04EC0-301F-11D3-BF4B-00C04F79EFBC}") = "VdrioEForms", "VdrioEForms\VdrioEForms\VdrioEForms.csproj", "{FB4E6826-2203-4D59-8732-43EC6E2FF51E}"
EndProject
Global
	GlobalSection(SolutionConfigurationPlatforms) = preSolution
		Ad-Hoc|Any CPU = Ad-Hoc|Any CPU
		Ad-Hoc|ARM = Ad-Hoc|ARM
		Ad-Hoc|iPhone = Ad-Hoc|iPhone
		Ad-Hoc|iPhoneSimulator = Ad-Hoc|iPhoneSimulator
		Ad-Hoc|x64 = Ad-Hoc|x64
		Ad-Hoc|x86 = Ad-Hoc|x86
		AppStore|Any CPU = AppStore|Any CPU
		AppStore|ARM = AppStore|ARM
		AppStore|iPhone = AppStore|iPhone
		AppStore|iPhoneSimulator = AppStore|iPhoneSimulator
		AppStore|x64 = AppStore|x64
		AppStore|x86 = AppStore|x86
		Debug|Any CPU = Debug|Any CPU
		Debug|ARM = Debug|ARM
		Debug|iPhone = Debug|iPhone
		Debug|iPhoneSimulator = Debug|iPhoneSimulator
		Debug|x64 = Debug|x64
		Debug|x86 = Debug|x86
		Release|Any CPU = Release|Any CPU
		Release|ARM = Release|ARM
		Release|iPhone = Release|iPhone
		Release|iPhoneSimulator = Release|iPhoneSimulator
		Release|x64 = Release|x64
		Release|x86 = Release|x86
	EndGlobalSection
	GlobalSection(ProjectConfigurationPlatforms) = postSolution
		{2687ADF7-2059-4868-829D-185AE76BDDFD}.Ad-Hoc|Any CPU.ActiveCfg = Release|Any CPU
		{2687ADF7-2059-4868-829D-185AE76BDDFD}.Ad-Hoc|Any CPU.Build.0 = Release|Any CPU
		{2687ADF7-2059-4868-829D-185AE76BDDFD}.Ad-Hoc|Any CPU.Deploy.0 = Release|Any CPU
		{2687ADF7-2059-4868-829D-185AE76BDDFD}.Ad-Hoc|ARM.ActiveCfg = Release|Any CPU
		{2687ADF7-2059-4868-829D-185AE76BDDFD}.Ad-Hoc|ARM.Build.0 = Release|Any CPU
		{2687ADF7-2059-4868-829D-185AE76BDDFD}.Ad-Hoc|ARM.Deploy.0 = Release|Any CPU
		{2687ADF7-2059-4868-829D-185AE76BDDFD}.Ad-Hoc|iPhone.ActiveCfg = Release|Any CPU
		{2687ADF7-2059-4868-829D-185AE76BDDFD}.Ad-Hoc|iPhone.Build.0 = Release|Any CPU
		{2687ADF7-2059-4868-829D-185AE76BDDFD}.Ad-Hoc|iPhone.Deploy.0 = Release|Any CPU
		{2687ADF7-2059-4868-829D-185AE76BDDFD}.Ad-Hoc|iPhoneSimulator.ActiveCfg = Release|Any CPU
		{2687ADF7-2059-4868-829D-185AE76BDDFD}.Ad-Hoc|iPhoneSimulator.Build.0 = Release|Any CPU
		{2687ADF7-2059-4868-829D-185AE76BDDFD}.Ad-Hoc|iPhoneSimulator.Deploy.0 = Release|Any CPU
		{2687ADF7-2059-4868-829D-185AE76BDDFD}.Ad-Hoc|x64.ActiveCfg = Release|Any CPU
		{2687ADF7-2059-4868-829D-185AE76BDDFD}.Ad-Hoc|x64.Build.0 = Release|Any CPU
		{2687ADF7-2059-4868-829D-185AE76BDDFD}.Ad-Hoc|x64.Deploy.0 = Release|Any CPU
		{2687ADF7-2059-4868-829D-185AE76BDDFD}.Ad-Hoc|x86.ActiveCfg = Release|Any CPU
		{2687ADF7-2059-4868-829D-185AE76BDDFD}.Ad-Hoc|x86.Build.0 = Release|Any CPU
		{2687ADF7-2059-4868-829D-185AE76BDDFD}.Ad-Hoc|x86.Deploy.0 = Release|Any CPU
		{2687ADF7-2059-4868-829D-185AE76BDDFD}.AppStore|Any CPU.ActiveCfg = Release|Any CPU
		{2687ADF7-2059-4868-829D-185AE76BDDFD}.AppStore|Any CPU.Build.0 = Release|Any CPU
		{2687ADF7-2059-4868-829D-185AE76BDDFD}.AppStore|Any CPU.Deploy.0 = Release|Any CPU
		{2687ADF7-2059-4868-829D-185AE76BDDFD}.AppStore|ARM.ActiveCfg = Release|Any CPU
		{2687ADF7-2059-4868-829D-185AE76BDDFD}.AppStore|ARM.Build.0 = Release|Any CPU
		{2687ADF7-2059-4868-829D-185AE76BDDFD}.AppStore|ARM.Deploy.0 = Release|Any CPU
		{2687ADF7-2059-4868-829D-185AE76BDDFD}.AppStore|iPhone.ActiveCfg = Release|Any CPU
		{2687ADF7-2059-4868-829D-185AE76BDDFD}.AppStore|iPhone.Build.0 = Release|Any CPU
		{2687ADF7-2059-4868-829D-185AE76BDDFD}.AppStore|iPhone.Deploy.0 = Release|Any CPU
		{2687ADF7-2059-4868-829D-185AE76BDDFD}.AppStore|iPhoneSimulator.ActiveCfg = Release|Any CPU
		{2687ADF7-2059-4868-829D-185AE76BDDFD}.AppStore|iPhoneSimulator.Build.0 = Release|Any CPU
		{2687ADF7-2059-4868-829D-185AE76BDDFD}.AppStore|iPhoneSimulator.Deploy.0 = Release|Any CPU
		{2687ADF7-2059-4868-829D-185AE76BDDFD}.AppStore|x64.ActiveCfg = Release|Any CPU
		{2687ADF7-2059-4868-829D-185AE76BDDFD}.AppStore|x64.Build.0 = Release|Any CPU
		{2687ADF7-2059-4868-829D-185AE76BDDFD}.AppStore|x64.Deploy.0 = Release|Any CPU
		{2687ADF7-2059-4868-829D-185AE76BDDFD}.AppStore|x86.ActiveCfg = Release|Any CPU
		{2687ADF7-2059-4868-829D-185AE76BDDFD}.AppStore|x86.Build.0 = Release|Any CPU
		{2687ADF7-2059-4868-829D-185AE76BDDFD}.AppStore|x86.Deploy.0 = Release|Any CPU
		{2687ADF7-2059-4868-829D-185AE76BDDFD}.Debug|Any CPU.ActiveCfg = Debug|Any CPU
		{2687ADF7-2059-4868-829D-185AE76BDDFD}.Debug|Any CPU.Build.0 = Debug|Any CPU
		{2687ADF7-2059-4868-829D-185AE76BDDFD}.Debug|Any CPU.Deploy.0 = Debug|Any CPU
		{2687ADF7-2059-4868-829D-185AE76BDDFD}.Debug|ARM.ActiveCfg = Debug|Any CPU
		{2687ADF7-2059-4868-829D-185AE76BDDFD}.Debug|ARM.Build.0 = Debug|Any CPU
		{2687ADF7-2059-4868-829D-185AE76BDDFD}.Debug|ARM.Deploy.0 = Debug|Any CPU
		{2687ADF7-2059-4868-829D-185AE76BDDFD}.Debug|iPhone.ActiveCfg = Debug|Any CPU
		{2687ADF7-2059-4868-829D-185AE76BDDFD}.Debug|iPhone.Build.0 = Debug|Any CPU
		{2687ADF7-2059-4868-829D-185AE76BDDFD}.Debug|iPhone.Deploy.0 = Debug|Any CPU
		{2687ADF7-2059-4868-829D-185AE76BDDFD}.Debug|iPhoneSimulator.ActiveCfg = Debug|Any CPU
		{2687ADF7-2059-4868-829D-185AE76BDDFD}.Debug|iPhoneSimulator.Build.0 = Debug|Any CPU
		{2687ADF7-2059-4868-829D-185AE76BDDFD}.Debug|iPhoneSimulator.Deploy.0 = Debug|Any CPU
		{2687ADF7-2059-4868-829D-185AE76BDDFD}.Debug|x64.ActiveCfg = Debug|Any CPU
		{2687ADF7-2059-4868-829D-185AE76BDDFD}.Debug|x64.Build.0 = Debug|Any CPU
		{2687ADF7-2059-4868-829D-185AE76BDDFD}.Debug|x64.Deploy.0 = Debug|Any CPU
		{2687ADF7-2059-4868-829D-185AE76BDDFD}.Debug|x86.ActiveCfg = Debug|Any CPU
		{2687ADF7-2059-4868-829D-185AE76BDDFD}.Debug|x86.Build.0 = Debug|Any CPU
		{2687ADF7-2059-4868-829D-185AE76BDDFD}.Debug|x86.Deploy.0 = Debug|Any CPU
		{2687ADF7-2059-4868-829D-185AE76BDDFD}.Release|Any CPU.ActiveCfg = Release|Any CPU
		{2687ADF7-2059-4868-829D-185AE76BDDFD}.Release|Any CPU.Build.0 = Release|Any CPU
		{2687ADF7-2059-4868-829D-185AE76BDDFD}.Release|Any CPU.Deploy.0 = Release|Any CPU
		{2687ADF7-2059-4868-829D-185AE76BDDFD}.Release|ARM.ActiveCfg = Release|Any CPU
		{2687ADF7-2059-4868-829D-185AE76BDDFD}.Release|ARM.Build.0 = Release|Any CPU
		{2687ADF7-2059-4868-829D-185AE76BDDFD}.Release|ARM.Deploy.0 = Release|Any CPU
		{2687ADF7-2059-4868-829D-185AE76BDDFD}.Release|iPhone.ActiveCfg = Release|Any CPU
		{2687ADF7-2059-4868-829D-185AE76BDDFD}.Release|iPhone.Build.0 = Release|Any CPU
		{2687ADF7-2059-4868-829D-185AE76BDDFD}.Release|iPhone.Deploy.0 = Release|Any CPU
		{2687ADF7-2059-4868-829D-185AE76BDDFD}.Release|iPhoneSimulator.ActiveCfg = Release|Any CPU
		{2687ADF7-2059-4868-829D-185AE76BDDFD}.Release|iPhoneSimulator.Build.0 = Release|Any CPU
		{2687ADF7-2059-4868-829D-185AE76BDDFD}.Release|iPhoneSimulator.Deploy.0 = Release|Any CPU
		{2687ADF7-2059-4868-829D-185AE76BDDFD}.Release|x64.ActiveCfg = Release|Any CPU
		{2687ADF7-2059-4868-829D-185AE76BDDFD}.Release|x64.Build.0 = Release|Any CPU
		{2687ADF7-2059-4868-829D-185AE76BDDFD}.Release|x64.Deploy.0 = Release|Any CPU
		{2687ADF7-2059-4868-829D-185AE76BDDFD}.Release|x86.ActiveCfg = Release|Any CPU
		{2687ADF7-2059-4868-829D-185AE76BDDFD}.Release|x86.Build.0 = Release|Any CPU
		{2687ADF7-2059-4868-829D-185AE76BDDFD}.Release|x86.Deploy.0 = Release|Any CPU
		{34FA6FA6-EDF8-4513-8B60-9278C24EF0A0}.Ad-Hoc|Any CPU.ActiveCfg = Ad-Hoc|iPhone
		{34FA6FA6-EDF8-4513-8B60-9278C24EF0A0}.Ad-Hoc|Any CPU.Build.0 = Ad-Hoc|iPhone
		{34FA6FA6-EDF8-4513-8B60-9278C24EF0A0}.Ad-Hoc|Any CPU.Deploy.0 = Ad-Hoc|iPhone
		{34FA6FA6-EDF8-4513-8B60-9278C24EF0A0}.Ad-Hoc|ARM.ActiveCfg = Ad-Hoc|iPhone
		{34FA6FA6-EDF8-4513-8B60-9278C24EF0A0}.Ad-Hoc|ARM.Build.0 = Ad-Hoc|iPhone
		{34FA6FA6-EDF8-4513-8B60-9278C24EF0A0}.Ad-Hoc|ARM.Deploy.0 = Ad-Hoc|iPhone
		{34FA6FA6-EDF8-4513-8B60-9278C24EF0A0}.Ad-Hoc|iPhone.ActiveCfg = Ad-Hoc|iPhone
		{34FA6FA6-EDF8-4513-8B60-9278C24EF0A0}.Ad-Hoc|iPhone.Build.0 = Ad-Hoc|iPhone
		{34FA6FA6-EDF8-4513-8B60-9278C24EF0A0}.Ad-Hoc|iPhone.Deploy.0 = Ad-Hoc|iPhone
		{34FA6FA6-EDF8-4513-8B60-9278C24EF0A0}.Ad-Hoc|iPhoneSimulator.ActiveCfg = Ad-Hoc|iPhoneSimulator
		{34FA6FA6-EDF8-4513-8B60-9278C24EF0A0}.Ad-Hoc|iPhoneSimulator.Build.0 = Ad-Hoc|iPhoneSimulator
		{34FA6FA6-EDF8-4513-8B60-9278C24EF0A0}.Ad-Hoc|iPhoneSimulator.Deploy.0 = Ad-Hoc|iPhoneSimulator
		{34FA6FA6-EDF8-4513-8B60-9278C24EF0A0}.Ad-Hoc|x64.ActiveCfg = Ad-Hoc|iPhone
		{34FA6FA6-EDF8-4513-8B60-9278C24EF0A0}.Ad-Hoc|x64.Build.0 = Ad-Hoc|iPhone
		{34FA6FA6-EDF8-4513-8B60-9278C24EF0A0}.Ad-Hoc|x64.Deploy.0 = Ad-Hoc|iPhone
		{34FA6FA6-EDF8-4513-8B60-9278C24EF0A0}.Ad-Hoc|x86.ActiveCfg = Ad-Hoc|iPhone
		{34FA6FA6-EDF8-4513-8B60-9278C24EF0A0}.Ad-Hoc|x86.Build.0 = Ad-Hoc|iPhone
		{34FA6FA6-EDF8-4513-8B60-9278C24EF0A0}.Ad-Hoc|x86.Deploy.0 = Ad-Hoc|iPhone
		{34FA6FA6-EDF8-4513-8B60-9278C24EF0A0}.AppStore|Any CPU.ActiveCfg = AppStore|iPhone
		{34FA6FA6-EDF8-4513-8B60-9278C24EF0A0}.AppStore|Any CPU.Build.0 = AppStore|iPhone
		{34FA6FA6-EDF8-4513-8B60-9278C24EF0A0}.AppStore|Any CPU.Deploy.0 = AppStore|iPhone
		{34FA6FA6-EDF8-4513-8B60-9278C24EF0A0}.AppStore|ARM.ActiveCfg = AppStore|iPhone
		{34FA6FA6-EDF8-4513-8B60-9278C24EF0A0}.AppStore|ARM.Build.0 = AppStore|iPhone
		{34FA6FA6-EDF8-4513-8B60-9278C24EF0A0}.AppStore|ARM.Deploy.0 = AppStore|iPhone
		{34FA6FA6-EDF8-4513-8B60-9278C24EF0A0}.AppStore|iPhone.ActiveCfg = AppStore|iPhone
		{34FA6FA6-EDF8-4513-8B60-9278C24EF0A0}.AppStore|iPhone.Build.0 = AppStore|iPhone
		{34FA6FA6-EDF8-4513-8B60-9278C24EF0A0}.AppStore|iPhone.Deploy.0 = AppStore|iPhone
		{34FA6FA6-EDF8-4513-8B60-9278C24EF0A0}.AppStore|iPhoneSimulator.ActiveCfg = AppStore|iPhoneSimulator
		{34FA6FA6-EDF8-4513-8B60-9278C24EF0A0}.AppStore|iPhoneSimulator.Build.0 = AppStore|iPhoneSimulator
		{34FA6FA6-EDF8-4513-8B60-9278C24EF0A0}.AppStore|iPhoneSimulator.Deploy.0 = AppStore|iPhoneSimulator
		{34FA6FA6-EDF8-4513-8B60-9278C24EF0A0}.AppStore|x64.ActiveCfg = AppStore|iPhone
		{34FA6FA6-EDF8-4513-8B60-9278C24EF0A0}.AppStore|x64.Build.0 = AppStore|iPhone
		{34FA6FA6-EDF8-4513-8B60-9278C24EF0A0}.AppStore|x64.Deploy.0 = AppStore|iPhone
		{34FA6FA6-EDF8-4513-8B60-9278C24EF0A0}.AppStore|x86.ActiveCfg = AppStore|iPhone
		{34FA6FA6-EDF8-4513-8B60-9278C24EF0A0}.AppStore|x86.Build.0 = AppStore|iPhone
		{34FA6FA6-EDF8-4513-8B60-9278C24EF0A0}.AppStore|x86.Deploy.0 = AppStore|iPhone
		{34FA6FA6-EDF8-4513-8B60-9278C24EF0A0}.Debug|Any CPU.ActiveCfg = Debug|iPhoneSimulator
		{34FA6FA6-EDF8-4513-8B60-9278C24EF0A0}.Debug|Any CPU.Build.0 = Debug|iPhoneSimulator
		{34FA6FA6-EDF8-4513-8B60-9278C24EF0A0}.Debug|Any CPU.Deploy.0 = Debug|iPhoneSimulator
		{34FA6FA6-EDF8-4513-8B60-9278C24EF0A0}.Debug|ARM.ActiveCfg = Debug|iPhone
		{34FA6FA6-EDF8-4513-8B60-9278C24EF0A0}.Debug|ARM.Build.0 = Debug|iPhone
		{34FA6FA6-EDF8-4513-8B60-9278C24EF0A0}.Debug|ARM.Deploy.0 = Debug|iPhone
		{34FA6FA6-EDF8-4513-8B60-9278C24EF0A0}.Debug|iPhone.ActiveCfg = Debug|iPhone
		{34FA6FA6-EDF8-4513-8B60-9278C24EF0A0}.Debug|iPhone.Build.0 = Debug|iPhone
		{34FA6FA6-EDF8-4513-8B60-9278C24EF0A0}.Debug|iPhone.Deploy.0 = Debug|iPhone
		{34FA6FA6-EDF8-4513-8B60-9278C24EF0A0}.Debug|iPhoneSimulator.ActiveCfg = Debug|iPhoneSimulator
		{34FA6FA6-EDF8-4513-8B60-9278C24EF0A0}.Debug|iPhoneSimulator.Build.0 = Debug|iPhoneSimulator
		{34FA6FA6-EDF8-4513-8B60-9278C24EF0A0}.Debug|iPhoneSimulator.Deploy.0 = Debug|iPhoneSimulator
		{34FA6FA6-EDF8-4513-8B60-9278C24EF0A0}.Debug|x64.ActiveCfg = Debug|iPhone
		{34FA6FA6-EDF8-4513-8B60-9278C24EF0A0}.Debug|x64.Build.0 = Debug|iPhone
		{34FA6FA6-EDF8-4513-8B60-9278C24EF0A0}.Debug|x64.Deploy.0 = Debug|iPhone
		{34FA6FA6-EDF8-4513-8B60-9278C24EF0A0}.Debug|x86.ActiveCfg = Debug|iPhone
		{34FA6FA6-EDF8-4513-8B60-9278C24EF0A0}.Debug|x86.Build.0 = Debug|iPhone
		{34FA6FA6-EDF8-4513-8B60-9278C24EF0A0}.Debug|x86.Deploy.0 = Debug|iPhone
		{34FA6FA6-EDF8-4513-8B60-9278C24EF0A0}.Release|Any CPU.ActiveCfg = Release|iPhone
		{34FA6FA6-EDF8-4513-8B60-9278C24EF0A0}.Release|Any CPU.Build.0 = Release|iPhone
		{34FA6FA6-EDF8-4513-8B60-9278C24EF0A0}.Release|Any CPU.Deploy.0 = Release|iPhone
		{34FA6FA6-EDF8-4513-8B60-9278C24EF0A0}.Release|ARM.ActiveCfg = Release|iPhone
		{34FA6FA6-EDF8-4513-8B60-9278C24EF0A0}.Release|ARM.Build.0 = Release|iPhone
		{34FA6FA6-EDF8-4513-8B60-9278C24EF0A0}.Release|ARM.Deploy.0 = Release|iPhone
		{34FA6FA6-EDF8-4513-8B60-9278C24EF0A0}.Release|iPhone.ActiveCfg = Release|iPhone
		{34FA6FA6-EDF8-4513-8B60-9278C24EF0A0}.Release|iPhone.Build.0 = Release|iPhone
		{34FA6FA6-EDF8-4513-8B60-9278C24EF0A0}.Release|iPhone.Deploy.0 = Release|iPhone
		{34FA6FA6-EDF8-4513-8B60-9278C24EF0A0}.Release|iPhoneSimulator.ActiveCfg = Release|iPhoneSimulator
		{34FA6FA6-EDF8-4513-8B60-9278C24EF0A0}.Release|iPhoneSimulator.Build.0 = Release|iPhoneSimulator
		{34FA6FA6-EDF8-4513-8B60-9278C24EF0A0}.Release|iPhoneSimulator.Deploy.0 = Release|iPhoneSimulator
		{34FA6FA6-EDF8-4513-8B60-9278C24EF0A0}.Release|x64.ActiveCfg = Release|iPhone
		{34FA6FA6-EDF8-4513-8B60-9278C24EF0A0}.Release|x64.Build.0 = Release|iPhone
		{34FA6FA6-EDF8-4513-8B60-9278C24EF0A0}.Release|x64.Deploy.0 = Release|iPhone
		{34FA6FA6-EDF8-4513-8B60-9278C24EF0A0}.Release|x86.ActiveCfg = Release|iPhone
		{34FA6FA6-EDF8-4513-8B60-9278C24EF0A0}.Release|x86.Build.0 = Release|iPhone
		{34FA6FA6-EDF8-4513-8B60-9278C24EF0A0}.Release|x86.Deploy.0 = Release|iPhone
		{90B37E5D-77A7-4FE9-B3C8-9488DAD2458F}.Ad-Hoc|Any CPU.ActiveCfg = Release|x86
		{90B37E5D-77A7-4FE9-B3C8-9488DAD2458F}.Ad-Hoc|Any CPU.Build.0 = Release|x86
		{90B37E5D-77A7-4FE9-B3C8-9488DAD2458F}.Ad-Hoc|Any CPU.Deploy.0 = Release|x86
		{90B37E5D-77A7-4FE9-B3C8-9488DAD2458F}.Ad-Hoc|ARM.ActiveCfg = Release|ARM
		{90B37E5D-77A7-4FE9-B3C8-9488DAD2458F}.Ad-Hoc|ARM.Build.0 = Release|ARM
		{90B37E5D-77A7-4FE9-B3C8-9488DAD2458F}.Ad-Hoc|ARM.Deploy.0 = Release|ARM
		{90B37E5D-77A7-4FE9-B3C8-9488DAD2458F}.Ad-Hoc|iPhone.ActiveCfg = Release|x86
		{90B37E5D-77A7-4FE9-B3C8-9488DAD2458F}.Ad-Hoc|iPhone.Build.0 = Release|x86
		{90B37E5D-77A7-4FE9-B3C8-9488DAD2458F}.Ad-Hoc|iPhone.Deploy.0 = Release|x86
		{90B37E5D-77A7-4FE9-B3C8-9488DAD2458F}.Ad-Hoc|iPhoneSimulator.ActiveCfg = Release|x86
		{90B37E5D-77A7-4FE9-B3C8-9488DAD2458F}.Ad-Hoc|iPhoneSimulator.Build.0 = Release|x86
		{90B37E5D-77A7-4FE9-B3C8-9488DAD2458F}.Ad-Hoc|iPhoneSimulator.Deploy.0 = Release|x86
		{90B37E5D-77A7-4FE9-B3C8-9488DAD2458F}.Ad-Hoc|x64.ActiveCfg = Release|x64
		{90B37E5D-77A7-4FE9-B3C8-9488DAD2458F}.Ad-Hoc|x64.Build.0 = Release|x64
		{90B37E5D-77A7-4FE9-B3C8-9488DAD2458F}.Ad-Hoc|x64.Deploy.0 = Release|x64
		{90B37E5D-77A7-4FE9-B3C8-9488DAD2458F}.Ad-Hoc|x86.ActiveCfg = Release|x86
		{90B37E5D-77A7-4FE9-B3C8-9488DAD2458F}.Ad-Hoc|x86.Build.0 = Release|x86
		{90B37E5D-77A7-4FE9-B3C8-9488DAD2458F}.Ad-Hoc|x86.Deploy.0 = Release|x86
		{90B37E5D-77A7-4FE9-B3C8-9488DAD2458F}.AppStore|Any CPU.ActiveCfg = Release|x86
		{90B37E5D-77A7-4FE9-B3C8-9488DAD2458F}.AppStore|Any CPU.Build.0 = Release|x86
		{90B37E5D-77A7-4FE9-B3C8-9488DAD2458F}.AppStore|Any CPU.Deploy.0 = Release|x86
		{90B37E5D-77A7-4FE9-B3C8-9488DAD2458F}.AppStore|ARM.ActiveCfg = Release|ARM
		{90B37E5D-77A7-4FE9-B3C8-9488DAD2458F}.AppStore|ARM.Build.0 = Release|ARM
		{90B37E5D-77A7-4FE9-B3C8-9488DAD2458F}.AppStore|ARM.Deploy.0 = Release|ARM
		{90B37E5D-77A7-4FE9-B3C8-9488DAD2458F}.AppStore|iPhone.ActiveCfg = Release|x86
		{90B37E5D-77A7-4FE9-B3C8-9488DAD2458F}.AppStore|iPhone.Build.0 = Release|x86
		{90B37E5D-77A7-4FE9-B3C8-9488DAD2458F}.AppStore|iPhone.Deploy.0 = Release|x86
		{90B37E5D-77A7-4FE9-B3C8-9488DAD2458F}.AppStore|iPhoneSimulator.ActiveCfg = Release|x86
		{90B37E5D-77A7-4FE9-B3C8-9488DAD2458F}.AppStore|iPhoneSimulator.Build.0 = Release|x86
		{90B37E5D-77A7-4FE9-B3C8-9488DAD2458F}.AppStore|iPhoneSimulator.Deploy.0 = Release|x86
		{90B37E5D-77A7-4FE9-B3C8-9488DAD2458F}.AppStore|x64.ActiveCfg = Release|x64
		{90B37E5D-77A7-4FE9-B3C8-9488DAD2458F}.AppStore|x64.Build.0 = Release|x64
		{90B37E5D-77A7-4FE9-B3C8-9488DAD2458F}.AppStore|x64.Deploy.0 = Release|x64
		{90B37E5D-77A7-4FE9-B3C8-9488DAD2458F}.AppStore|x86.ActiveCfg = Release|x86
		{90B37E5D-77A7-4FE9-B3C8-9488DAD2458F}.AppStore|x86.Build.0 = Release|x86
		{90B37E5D-77A7-4FE9-B3C8-9488DAD2458F}.AppStore|x86.Deploy.0 = Release|x86
		{90B37E5D-77A7-4FE9-B3C8-9488DAD2458F}.Debug|Any CPU.ActiveCfg = Debug|x86
		{90B37E5D-77A7-4FE9-B3C8-9488DAD2458F}.Debug|Any CPU.Build.0 = Debug|x86
		{90B37E5D-77A7-4FE9-B3C8-9488DAD2458F}.Debug|Any CPU.Deploy.0 = Debug|x86
		{90B37E5D-77A7-4FE9-B3C8-9488DAD2458F}.Debug|ARM.ActiveCfg = Debug|ARM
		{90B37E5D-77A7-4FE9-B3C8-9488DAD2458F}.Debug|ARM.Build.0 = Debug|ARM
		{90B37E5D-77A7-4FE9-B3C8-9488DAD2458F}.Debug|ARM.Deploy.0 = Debug|ARM
		{90B37E5D-77A7-4FE9-B3C8-9488DAD2458F}.Debug|iPhone.ActiveCfg = Debug|x86
		{90B37E5D-77A7-4FE9-B3C8-9488DAD2458F}.Debug|iPhone.Build.0 = Debug|x86
		{90B37E5D-77A7-4FE9-B3C8-9488DAD2458F}.Debug|iPhone.Deploy.0 = Debug|x86
		{90B37E5D-77A7-4FE9-B3C8-9488DAD2458F}.Debug|iPhoneSimulator.ActiveCfg = Debug|x86
		{90B37E5D-77A7-4FE9-B3C8-9488DAD2458F}.Debug|iPhoneSimulator.Build.0 = Debug|x86
		{90B37E5D-77A7-4FE9-B3C8-9488DAD2458F}.Debug|iPhoneSimulator.Deploy.0 = Debug|x86
		{90B37E5D-77A7-4FE9-B3C8-9488DAD2458F}.Debug|x64.ActiveCfg = Debug|x64
		{90B37E5D-77A7-4FE9-B3C8-9488DAD2458F}.Debug|x64.Build.0 = Debug|x64
		{90B37E5D-77A7-4FE9-B3C8-9488DAD2458F}.Debug|x64.Deploy.0 = Debug|x64
		{90B37E5D-77A7-4FE9-B3C8-9488DAD2458F}.Debug|x86.ActiveCfg = Debug|x86
		{90B37E5D-77A7-4FE9-B3C8-9488DAD2458F}.Debug|x86.Build.0 = Debug|x86
		{90B37E5D-77A7-4FE9-B3C8-9488DAD2458F}.Debug|x86.Deploy.0 = Debug|x86
		{90B37E5D-77A7-4FE9-B3C8-9488DAD2458F}.Release|Any CPU.ActiveCfg = Release|x86
		{90B37E5D-77A7-4FE9-B3C8-9488DAD2458F}.Release|Any CPU.Build.0 = Release|x86
		{90B37E5D-77A7-4FE9-B3C8-9488DAD2458F}.Release|Any CPU.Deploy.0 = Release|x86
		{90B37E5D-77A7-4FE9-B3C8-9488DAD2458F}.Release|ARM.ActiveCfg = Release|ARM
		{90B37E5D-77A7-4FE9-B3C8-9488DAD2458F}.Release|ARM.Build.0 = Release|ARM
		{90B37E5D-77A7-4FE9-B3C8-9488DAD2458F}.Release|ARM.Deploy.0 = Release|ARM
		{90B37E5D-77A7-4FE9-B3C8-9488DAD2458F}.Release|iPhone.ActiveCfg = Release|x86
		{90B37E5D-77A7-4FE9-B3C8-9488DAD2458F}.Release|iPhone.Build.0 = Release|x86
		{90B37E5D-77A7-4FE9-B3C8-9488DAD2458F}.Release|iPhone.Deploy.0 = Release|x86
		{90B37E5D-77A7-4FE9-B3C8-9488DAD2458F}.Release|iPhoneSimulator.ActiveCfg = Release|x86
		{90B37E5D-77A7-4FE9-B3C8-9488DAD2458F}.Release|iPhoneSimulator.Build.0 = Release|x86
		{90B37E5D-77A7-4FE9-B3C8-9488DAD2458F}.Release|iPhoneSimulator.Deploy.0 = Release|x86
		{90B37E5D-77A7-4FE9-B3C8-9488DAD2458F}.Release|x64.ActiveCfg = Release|x64
		{90B37E5D-77A7-4FE9-B3C8-9488DAD2458F}.Release|x64.Build.0 = Release|x64
		{90B37E5D-77A7-4FE9-B3C8-9488DAD2458F}.Release|x64.Deploy.0 = Release|x64
		{90B37E5D-77A7-4FE9-B3C8-9488DAD2458F}.Release|x86.ActiveCfg = Release|x86
		{90B37E5D-77A7-4FE9-B3C8-9488DAD2458F}.Release|x86.Build.0 = Release|x86
		{90B37E5D-77A7-4FE9-B3C8-9488DAD2458F}.Release|x86.Deploy.0 = Release|x86
		{FB4E6826-2203-4D59-8732-43EC6E2FF51E}.Ad-Hoc|Any CPU.ActiveCfg = Debug|Any CPU
		{FB4E6826-2203-4D59-8732-43EC6E2FF51E}.Ad-Hoc|Any CPU.Build.0 = Debug|Any CPU
		{FB4E6826-2203-4D59-8732-43EC6E2FF51E}.Ad-Hoc|Any CPU.Deploy.0 = Debug|Any CPU
		{FB4E6826-2203-4D59-8732-43EC6E2FF51E}.Ad-Hoc|ARM.ActiveCfg = Debug|Any CPU
		{FB4E6826-2203-4D59-8732-43EC6E2FF51E}.Ad-Hoc|ARM.Build.0 = Debug|Any CPU
		{FB4E6826-2203-4D59-8732-43EC6E2FF51E}.Ad-Hoc|ARM.Deploy.0 = Debug|Any CPU
		{FB4E6826-2203-4D59-8732-43EC6E2FF51E}.Ad-Hoc|iPhone.ActiveCfg = Debug|Any CPU
		{FB4E6826-2203-4D59-8732-43EC6E2FF51E}.Ad-Hoc|iPhone.Build.0 = Debug|Any CPU
		{FB4E6826-2203-4D59-8732-43EC6E2FF51E}.Ad-Hoc|iPhone.Deploy.0 = Debug|Any CPU
		{FB4E6826-2203-4D59-8732-43EC6E2FF51E}.Ad-Hoc|iPhoneSimulator.ActiveCfg = Debug|Any CPU
		{FB4E6826-2203-4D59-8732-43EC6E2FF51E}.Ad-Hoc|iPhoneSimulator.Build.0 = Debug|Any CPU
		{FB4E6826-2203-4D59-8732-43EC6E2FF51E}.Ad-Hoc|iPhoneSimulator.Deploy.0 = Debug|Any CPU
		{FB4E6826-2203-4D59-8732-43EC6E2FF51E}.Ad-Hoc|x64.ActiveCfg = Debug|Any CPU
		{FB4E6826-2203-4D59-8732-43EC6E2FF51E}.Ad-Hoc|x64.Build.0 = Debug|Any CPU
		{FB4E6826-2203-4D59-8732-43EC6E2FF51E}.Ad-Hoc|x64.Deploy.0 = Debug|Any CPU
		{FB4E6826-2203-4D59-8732-43EC6E2FF51E}.Ad-Hoc|x86.ActiveCfg = Debug|Any CPU
		{FB4E6826-2203-4D59-8732-43EC6E2FF51E}.Ad-Hoc|x86.Build.0 = Debug|Any CPU
		{FB4E6826-2203-4D59-8732-43EC6E2FF51E}.Ad-Hoc|x86.Deploy.0 = Debug|Any CPU
		{FB4E6826-2203-4D59-8732-43EC6E2FF51E}.AppStore|Any CPU.ActiveCfg = Debug|Any CPU
		{FB4E6826-2203-4D59-8732-43EC6E2FF51E}.AppStore|Any CPU.Build.0 = Debug|Any CPU
		{FB4E6826-2203-4D59-8732-43EC6E2FF51E}.AppStore|Any CPU.Deploy.0 = Debug|Any CPU
		{FB4E6826-2203-4D59-8732-43EC6E2FF51E}.AppStore|ARM.ActiveCfg = Debug|Any CPU
		{FB4E6826-2203-4D59-8732-43EC6E2FF51E}.AppStore|ARM.Build.0 = Debug|Any CPU
		{FB4E6826-2203-4D59-8732-43EC6E2FF51E}.AppStore|ARM.Deploy.0 = Debug|Any CPU
		{FB4E6826-2203-4D59-8732-43EC6E2FF51E}.AppStore|iPhone.ActiveCfg = Debug|Any CPU
		{FB4E6826-2203-4D59-8732-43EC6E2FF51E}.AppStore|iPhone.Build.0 = Debug|Any CPU
		{FB4E6826-2203-4D59-8732-43EC6E2FF51E}.AppStore|iPhone.Deploy.0 = Debug|Any CPU
		{FB4E6826-2203-4D59-8732-43EC6E2FF51E}.AppStore|iPhoneSimulator.ActiveCfg = Debug|Any CPU
		{FB4E6826-2203-4D59-8732-43EC6E2FF51E}.AppStore|iPhoneSimulator.Build.0 = Debug|Any CPU
		{FB4E6826-2203-4D59-8732-43EC6E2FF51E}.AppStore|iPhoneSimulator.Deploy.0 = Debug|Any CPU
		{FB4E6826-2203-4D59-8732-43EC6E2FF51E}.AppStore|x64.ActiveCfg = Debug|Any CPU
		{FB4E6826-2203-4D59-8732-43EC6E2FF51E}.AppStore|x64.Build.0 = Debug|Any CPU
		{FB4E6826-2203-4D59-8732-43EC6E2FF51E}.AppStore|x64.Deploy.0 = Debug|Any CPU
		{FB4E6826-2203-4D59-8732-43EC6E2FF51E}.AppStore|x86.ActiveCfg = Debug|Any CPU
		{FB4E6826-2203-4D59-8732-43EC6E2FF51E}.AppStore|x86.Build.0 = Debug|Any CPU
		{FB4E6826-2203-4D59-8732-43EC6E2FF51E}.AppStore|x86.Deploy.0 = Debug|Any CPU
		{FB4E6826-2203-4D59-8732-43EC6E2FF51E}.Debug|Any CPU.ActiveCfg = Debug|Any CPU
		{FB4E6826-2203-4D59-8732-43EC6E2FF51E}.Debug|Any CPU.Build.0 = Debug|Any CPU
		{FB4E6826-2203-4D59-8732-43EC6E2FF51E}.Debug|Any CPU.Deploy.0 = Debug|Any CPU
		{FB4E6826-2203-4D59-8732-43EC6E2FF51E}.Debug|ARM.ActiveCfg = Debug|Any CPU
		{FB4E6826-2203-4D59-8732-43EC6E2FF51E}.Debug|ARM.Build.0 = Debug|Any CPU
		{FB4E6826-2203-4D59-8732-43EC6E2FF51E}.Debug|ARM.Deploy.0 = Debug|Any CPU
		{FB4E6826-2203-4D59-8732-43EC6E2FF51E}.Debug|iPhone.ActiveCfg = Debug|Any CPU
		{FB4E6826-2203-4D59-8732-43EC6E2FF51E}.Debug|iPhone.Build.0 = Debug|Any CPU
		{FB4E6826-2203-4D59-8732-43EC6E2FF51E}.Debug|iPhone.Deploy.0 = Debug|Any CPU
		{FB4E6826-2203-4D59-8732-43EC6E2FF51E}.Debug|iPhoneSimulator.ActiveCfg = Debug|Any CPU
		{FB4E6826-2203-4D59-8732-43EC6E2FF51E}.Debug|iPhoneSimulator.Build.0 = Debug|Any CPU
		{FB4E6826-2203-4D59-8732-43EC6E2FF51E}.Debug|iPhoneSimulator.Deploy.0 = Debug|Any CPU
		{FB4E6826-2203-4D59-8732-43EC6E2FF51E}.Debug|x64.ActiveCfg = Debug|Any CPU
		{FB4E6826-2203-4D59-8732-43EC6E2FF51E}.Debug|x64.Build.0 = Debug|Any CPU
		{FB4E6826-2203-4D59-8732-43EC6E2FF51E}.Debug|x64.Deploy.0 = Debug|Any CPU
		{FB4E6826-2203-4D59-8732-43EC6E2FF51E}.Debug|x86.ActiveCfg = Debug|Any CPU
		{FB4E6826-2203-4D59-8732-43EC6E2FF51E}.Debug|x86.Build.0 = Debug|Any CPU
		{FB4E6826-2203-4D59-8732-43EC6E2FF51E}.Debug|x86.Deploy.0 = Debug|Any CPU
		{FB4E6826-2203-4D59-8732-43EC6E2FF51E}.Release|Any CPU.ActiveCfg = Release|Any CPU
		{FB4E6826-2203-4D59-8732-43EC6E2FF51E}.Release|Any CPU.Build.0 = Release|Any CPU
		{FB4E6826-2203-4D59-8732-43EC6E2FF51E}.Release|Any CPU.Deploy.0 = Release|Any CPU
		{FB4E6826-2203-4D59-8732-43EC6E2FF51E}.Release|ARM.ActiveCfg = Release|Any CPU
		{FB4E6826-2203-4D59-8732-43EC6E2FF51E}.Release|ARM.Build.0 = Release|Any CPU
		{FB4E6826-2203-4D59-8732-43EC6E2FF51E}.Release|ARM.Deploy.0 = Release|Any CPU
		{FB4E6826-2203-4D59-8732-43EC6E2FF51E}.Release|iPhone.ActiveCfg = Release|Any CPU
		{FB4E6826-2203-4D59-8732-43EC6E2FF51E}.Release|iPhone.Build.0 = Release|Any CPU
		{FB4E6826-2203-4D59-8732-43EC6E2FF51E}.Release|iPhone.Deploy.0 = Release|Any CPU
		{FB4E6826-2203-4D59-8732-43EC6E2FF51E}.Release|iPhoneSimulator.ActiveCfg = Release|Any CPU
		{FB4E6826-2203-4D59-8732-43EC6E2FF51E}.Release|iPhoneSimulator.Build.0 = Release|Any CPU
		{FB4E6826-2203-4D59-8732-43EC6E2FF51E}.Release|iPhoneSimulator.Deploy.0 = Release|Any CPU
		{FB4E6826-2203-4D59-8732-43EC6E2FF51E}.Release|x64.ActiveCfg = Release|Any CPU
		{FB4E6826-2203-4D59-8732-43EC6E2FF51E}.Release|x64.Build.0 = Release|Any CPU
		{FB4E6826-2203-4D59-8732-43EC6E2FF51E}.Release|x64.Deploy.0 = Release|Any CPU
		{FB4E6826-2203-4D59-8732-43EC6E2FF51E}.Release|x86.ActiveCfg = Release|Any CPU
		{FB4E6826-2203-4D59-8732-43EC6E2FF51E}.Release|x86.Build.0 = Release|Any CPU
		{FB4E6826-2203-4D59-8732-43EC6E2FF51E}.Release|x86.Deploy.0 = Release|Any CPU
	EndGlobalSection
	GlobalSection(SolutionProperties) = preSolution
		HideSolutionNode = FALSE
	EndGlobalSection
	GlobalSection(ExtensibilityGlobals) = postSolution
		SolutionGuid = {C796511F-F171-478D-9C4B-F0BB808A550B}
	EndGlobalSection
EndGlobal
